
Microsoft Visual Studio Solution File, Format Version 11.00
# Visual Studio 2010
Project("{F184B08F-C81C-45F6-A57F-5ABD9991F28F}") = "seat_reservation_system", "seat_reservation_system\seat_reservation_system.vbproj", "{FA0C6D0E-B145-4137-B6BB-37126D1AD48D}"
EndProject
Global
	GlobalSection(SolutionConfigurationPlatforms) = preSolution
		Debug|x86 = Debug|x86
		Release|x86 = Release|x86
	EndGlobalSection
	GlobalSection(ProjectConfigurationPlatforms) = postSolution
		{FA0C6D0E-B145-4137-B6BB-37126D1AD48D}.Debug|x86.ActiveCfg = Debug|x86
		{FA0C6D0E-B145-4137-B6BB-37126D1AD48D}.Debug|x86.Build.0 = Debug|x86
		{FA0C6D0E-B145-4137-B6BB-37126D1AD48D}.Release|x86.ActiveCfg = Release|x86
		{FA0C6D0E-B145-4137-B6BB-37126D1AD48D}.Release|x86.Build.0 = Release|x86
	EndGlobalSection
	GlobalSection(SolutionProperties) = preSolution
		HideSolutionNode = FALSE
	EndGlobalSection
EndGlobal
