
Microsoft Visual Studio Solution File, Format Version 12.00
# Visual Studio 2012
Project("{FAE04EC0-301F-11D3-BF4B-00C04F79EFBC}") = "WindowsFormsApplication6", "WindowsFormsApplication6\WindowsFormsApplication6.csproj", "{67C712B5-E8BD-4F2F-8C5F-72CE0D64EB61}"
EndProject
Global
	GlobalSection(SolutionConfigurationPlatforms) = preSolution
		Debug|Any CPU = Debug|Any CPU
		Release|Any CPU = Release|Any CPU
	EndGlobalSection
	GlobalSection(ProjectConfigurationPlatforms) = postSolution
		{67C712B5-E8BD-4F2F-8C5F-72CE0D64EB61}.Debug|Any CPU.ActiveCfg = Debug|Any CPU
		{67C712B5-E8BD-4F2F-8C5F-72CE0D64EB61}.Debug|Any CPU.Build.0 = Debug|Any CPU
		{67C712B5-E8BD-4F2F-8C5F-72CE0D64EB61}.Release|Any CPU.ActiveCfg = Release|Any CPU
		{67C712B5-E8BD-4F2F-8C5F-72CE0D64EB61}.Release|Any CPU.Build.0 = Release|Any CPU
	EndGlobalSection
	GlobalSection(SolutionProperties) = preSolution
		HideSolutionNode = FALSE
	EndGlobalSection
EndGlobal
